Microsoft Visual Studio Solution File, Format Version 12.00
# Visual Studio Version 17
VisualStudioVersion = 17.5.2.0
MinimumVisualStudioVersion = 10.0.40219.1
Project("{FAE04EC0-301F-11D3-BF4B-00C04F79EFBC}") = "Class_validation", "Class_validation\Class_validation.csproj", "{3B49432C-8270-29F9-0A59-5B3844D6BD5F}"
EndProject
Global
	GlobalSection(SolutionConfigurationPlatforms) = preSolution
		Debug|Any CPU = Debug|Any CPU
		Release|Any CPU = Release|Any CPU
	EndGlobalSection
	GlobalSection(ProjectConfigurationPlatforms) = postSolution
		{3B49432C-8270-29F9-0A59-5B3844D6BD5F}.Debug|Any CPU.ActiveCfg = Debug|Any CPU
		{3B49432C-8270-29F9-0A59-5B3844D6BD5F}.Debug|Any CPU.Build.0 = Debug|Any CPU
		{3B49432C-8270-29F9-0A59-5B3844D6BD5F}.Release|Any CPU.ActiveCfg = Release|Any CPU
		{3B49432C-8270-29F9-0A59-5B3844D6BD5F}.Release|Any CPU.Build.0 = Release|Any CPU
	EndGlobalSection
	GlobalSection(SolutionProperties) = preSolution
		HideSolutionNode = FALSE
	EndGlobalSection
	GlobalSection(ExtensibilityGlobals) = postSolution
		SolutionGuid = {5AA2E959-FA38-4A41-BBE9-A3B1FD21CFF0}
	EndGlobalSection
EndGlobal
